// !$*UTF8*$!
{
	archiveVersion = 1;
	classes = {
	};
	objectVersion = 77;
	objects = {

/* Begin PBXBuildFile section */
		2E775BB42E7EE14900740D9E /* SQLiteData in Frameworks */ = {isa = PBXBuildFile; productRef = 2E775BB32E7EE14900740D9E /* SQLiteData */; };
		2E775BB62E7EE14900740D9E /* SQLiteDataTestSupport in Frameworks */ = {isa = PBXBuildFile; productRef = 2E775BB52E7EE14900740D9E /* SQLiteDataTestSupport */; };
/* End PBXBuildFile section */

/* Begin PBXContainerItemProxy section */
		2E1720032E7C77C800CC3ED8 /* PBXContainerItemProxy */ = {
			isa = PBXContainerItemProxy;
			containerPortal = 2E171FED2E7C77C600CC3ED8 /* Project object */;
			proxyType = 1;
			remoteGlobalIDString = 2E171FF42E7C77C600CC3ED8;
			remoteInfo = Quoteful;
		};
		2E17200D2E7C77C800CC3ED8 /* PBXContainerItemProxy */ = {
			isa = PBXContainerItemProxy;
			containerPortal = 2E171FED2E7C77C600CC3ED8 /* Project object */;
			proxyType = 1;
			remoteGlobalIDString = 2E171FF42E7C77C600CC3ED8;
			remoteInfo = Quoteful;
		};
/* End PBXContainerItemProxy section */

/* Begin PBXFileReference section */
		2E171FF52E7C77C600CC3ED8 /* Quoteful.app */ = {isa = PBXFileReference; explicitFileType = wrapper.application; includeInIndex = 0; path = Quoteful.app; sourceTree = BUILT_PRODUCTS_DIR; };
		2E1720022E7C77C800CC3ED8 /* QuotefulTests.xctest */ = {isa = PBXFileReference; explicitFileType = wrapper.cfbundle; includeInIndex = 0; path = QuotefulTests.xctest; sourceTree = BUILT_PRODUCTS_DIR; };
		2E17200C2E7C77C800CC3ED8 /* QuotefulUITests.xctest */ = {isa = PBXFileReference; explicitFileType = wrapper.cfbundle; includeInIndex = 0; path = QuotefulUITests.xctest; sourceTree = BUILT_PRODUCTS_DIR; };
/* End PBXFileReference section */

/* Begin PBXFileSystemSynchronizedRootGroup section */
		2E171FF72E7C77C600CC3ED8 /* Quoteful */ = {
			isa = PBXFileSystemSynchronizedRootGroup;
			path = Quoteful;
			sourceTree = "<group>";
		};
		2E1720052E7C77C800CC3ED8 /* QuotefulTests */ = {
			isa = PBXFileSystemSynchronizedRootGroup;
			path = QuotefulTests;
			sourceTree = "<group>";
		};
		2E17200F2E7C77C800CC3ED8 /* QuotefulUITests */ = {
			isa = PBXFileSystemSynchronizedRootGroup;
			path = QuotefulUITests;
			sourceTree = "<group>";
		};
/* End PBXFileSystemSynchronizedRootGroup section */

/* Begin PBXFrameworksBuildPhase section */
		2E171FF22E7C77C600CC3ED8 /* Frameworks */ = {
			isa = PBXFrameworksBuildPhase;
			buildActionMask = 2147483647;
			files = (
				2E775BB42E7EE14900740D9E /* SQLiteData in Frameworks */,
			);
			runOnlyForDeploymentPostprocessing = 0;
		};
		2E171FFF2E7C77C800CC3ED8 /* Frameworks */ = {
			isa = PBXFrameworksBuildPhase;
			buildActionMask = 2147483647;
			files = (
				2E775BB62E7EE14900740D9E /* SQLiteDataTestSupport in Frameworks */,
			);
			runOnlyForDeploymentPostprocessing = 0;
		};
		2E1720092E7C77C800CC3ED8 /* Frameworks */ = {
			isa = PBXFrameworksBuildPhase;
			buildActionMask = 2147483647;
			files = (
			);
			runOnlyForDeploymentPostprocessing = 0;
		};
/* End PBXFrameworksBuildPhase section */

/* Begin PBXGroup section */
		2E171FEC2E7C77C600CC3ED8 = {
			isa = PBXGroup;
			children = (
				2E171FF72E7C77C600CC3ED8 /* Quoteful */,
				2E1720052E7C77C800CC3ED8 /* QuotefulTests */,
				2E17200F2E7C77C800CC3ED8 /* QuotefulUITests */,
				2E171FF62E7C77C600CC3ED8 /* Products */,
			);
			sourceTree = "<group>";
		};
		2E171FF62E7C77C600CC3ED8 /* Products */ = {
			isa = PBXGroup;
			children = (
				2E171FF52E7C77C600CC3ED8 /* Quoteful.app */,
				2E1720022E7C77C800CC3ED8 /* QuotefulTests.xctest */,
				2E17200C2E7C77C800CC3ED8 /* QuotefulUITests.xctest */,
			);
			name = Products;
			sourceTree = "<group>";
		};
/* End PBXGroup section */

/* Begin PBXNativeTarget section */
		2E171FF42E7C77C600CC3ED8 /* Quoteful */ = {
			isa = PBXNativeTarget;
			buildConfigurationList = 2E1720162E7C77C800CC3ED8 /* Build configuration list for PBXNativeTarget "Quoteful" */;
			buildPhases = (
				2E171FF12E7C77C600CC3ED8 /* Sources */,
				2E171FF22E7C77C600CC3ED8 /* Frameworks */,
				2E171FF32E7C77C600CC3ED8 /* Resources */,
			);
			buildRules = (
			);
			dependencies = (
			);
			fileSystemSynchronizedGroups = (
				2E171FF72E7C77C600CC3ED8 /* Quoteful */,
			);
			name = Quoteful;
			packageProductDependencies = (
				2E775BB32E7EE14900740D9E /* SQLiteData */,
			);
			productName = Quoteful;
			productReference = 2E171FF52E7C77C600CC3ED8 /* Quoteful.app */;
			productType = "com.apple.product-type.application";
		};
		2E1720012E7C77C800CC3ED8 /* QuotefulTests */ = {
			isa = PBXNativeTarget;
			buildConfigurationList = 2E1720192E7C77C800CC3ED8 /* Build configuration list for PBXNativeTarget "QuotefulTests" */;
			buildPhases = (
				2E171FFE2E7C77C800CC3ED8 /* Sources */,
				2E171FFF2E7C77C800CC3ED8 /* Frameworks */,
				2E1720002E7C77C800CC3ED8 /* Resources */,
			);
			buildRules = (
			);
			dependencies = (
				2E1720042E7C77C800CC3ED8 /* PBXTargetDependency */,
			);
			fileSystemSynchronizedGroups = (
				2E1720052E7C77C800CC3ED8 /* QuotefulTests */,
			);
			name = QuotefulTests;
			packageProductDependencies = (
				2E775BB52E7EE14900740D9E /* SQLiteDataTestSupport */,
			);
			productName = QuotefulTests;
			productReference = 2E1720022E7C77C800CC3ED8 /* QuotefulTests.xctest */;
			productType = "com.apple.product-type.bundle.unit-test";
		};
		2E17200B2E7C77C800CC3ED8 /* QuotefulUITests */ = {
			isa = PBXNativeTarget;
			buildConfigurationList = 2E17201C2E7C77C800CC3ED8 /* Build configuration list for PBXNativeTarget "QuotefulUITests" */;
			buildPhases = (
				2E1720082E7C77C800CC3ED8 /* Sources */,
				2E1720092E7C77C800CC3ED8 /* Frameworks */,
				2E17200A2E7C77C800CC3ED8 /* Resources */,
			);
			buildRules = (
			);
			dependencies = (
				2E17200E2E7C77C800CC3ED8 /* PBXTargetDependency */,
			);
			fileSystemSynchronizedGroups = (
				2E17200F2E7C77C800CC3ED8 /* QuotefulUITests */,
			);
			name = QuotefulUITests;
			packageProductDependencies = (
			);
			productName = QuotefulUITests;
			productReference = 2E17200C2E7C77C800CC3ED8 /* QuotefulUITests.xctest */;
			productType = "com.apple.product-type.bundle.ui-testing";
		};
/* End PBXNativeTarget section */

/* Begin PBXProject section */
		2E171FED2E7C77C600CC3ED8 /* Project object */ = {
			isa = PBXProject;
			attributes = {
				BuildIndependentTargetsInParallel = 1;
				LastSwiftUpdateCheck = 2600;
				LastUpgradeCheck = 2600;
				TargetAttributes = {
					2E171FF42E7C77C600CC3ED8 = {
						CreatedOnToolsVersion = 26.0;
					};
					2E1720012E7C77C800CC3ED8 = {
						CreatedOnToolsVersion = 26.0;
						TestTargetID = 2E171FF42E7C77C600CC3ED8;
					};
					2E17200B2E7C77C800CC3ED8 = {
						CreatedOnToolsVersion = 26.0;
						TestTargetID = 2E171FF42E7C77C600CC3ED8;
					};
				};
			};
			buildConfigurationList = 2E171FF02E7C77C600CC3ED8 /* Build configuration list for PBXProject "Quoteful" */;
			developmentRegion = en;
			hasScannedForEncodings = 0;
			knownRegions = (
				en,
				Base,
				ru,
			);
			mainGroup = 2E171FEC2E7C77C600CC3ED8;
			minimizedProjectReferenceProxies = 1;
			packageReferences = (
				2E775BB22E7EE14900740D9E /* XCRemoteSwiftPackageReference "sqlite-data" */,
			);
			preferredProjectObjectVersion = 77;
			productRefGroup = 2E171FF62E7C77C600CC3ED8 /* Products */;
			projectDirPath = "";
			projectRoot = "";
			targets = (
				2E171FF42E7C77C600CC3ED8 /* Quoteful */,
				2E1720012E7C77C800CC3ED8 /* QuotefulTests */,
				2E17200B2E7C77C800CC3ED8 /* QuotefulUITests */,
			);
		};
/* End PBXProject section */

/* Begin PBXResourcesBuildPhase section */
		2E171FF32E7C77C600CC3ED8 /* Resources */ = {
			isa = PBXResourcesBuildPhase;
			buildActionMask = 2147483647;
			files = (
			);
			runOnlyForDeploymentPostprocessing = 0;
		};
		2E1720002E7C77C800CC3ED8 /* Resources */ = {
			isa = PBXResourcesBuildPhase;
			buildActionMask = 2147483647;
			files = (
			);
			runOnlyForDeploymentPostprocessing = 0;
		};
		2E17200A2E7C77C800CC3ED8 /* Resources */ = {
			isa = PBXResourcesBuildPhase;
			buildActionMask = 2147483647;
			files = (
			);
			runOnlyForDeploymentPostprocessing = 0;
		};
/* End PBXResourcesBuildPhase section */

/* Begin PBXSourcesBuildPhase section */
		2E171FF12E7C77C600CC3ED8 /* Sources */ = {
			isa = PBXSourcesBuildPhase;
			buildActionMask = 2147483647;
			files = (
			);
			runOnlyForDeploymentPostprocessing = 0;
		};
		2E171FFE2E7C77C800CC3ED8 /* Sources */ = {
			isa = PBXSourcesBuildPhase;
			buildActionMask = 2147483647;
			files = (
			);
			runOnlyForDeploymentPostprocessing = 0;
		};
		2E1720082E7C77C800CC3ED8 /* Sources */ = {
			isa = PBXSourcesBuildPhase;
			buildActionMask = 2147483647;
			files = (
			);
			runOnlyForDeploymentPostprocessing = 0;
		};
/* End PBXSourcesBuildPhase section */

/* Begin PBXTargetDependency section */
		2E1720042E7C77C800CC3ED8 /* PBXTargetDependency */ = {
			isa = PBXTargetDependency;
			target = 2E171FF42E7C77C600CC3ED8 /* Quoteful */;
			targetProxy = 2E1720032E7C77C800CC3ED8 /* PBXContainerItemProxy */;
		};
		2E17200E2E7C77C800CC3ED8 /* PBXTargetDependency */ = {
			isa = PBXTargetDependency;
			target = 2E171FF42E7C77C600CC3ED8 /* Quoteful */;
			targetProxy = 2E17200D2E7C77C800CC3ED8 /* PBXContainerItemProxy */;
		};
/* End PBXTargetDependency section */

/* Begin XCBuildConfiguration section */
		2E1720142E7C77C800CC3ED8 /* Debug */ = {
			isa = XCBuildConfiguration;
			buildSettings = {
				ALWAYS_SEARCH_USER_PATHS = NO;
				ASSETCATALOG_COMPILER_GENERATE_SWIFT_ASSET_SYMBOL_EXTENSIONS = YES;
				CLANG_ANALYZER_NONNULL = YES;
				CLANG_ANALYZER_NUMBER_OBJECT_CONVERSION = YES_AGGRESSIVE;
				CLANG_CXX_LANGUAGE_STANDARD = "gnu++20";
				CLANG_ENABLE_MODULES = YES;
				CLANG_ENABLE_OBJC_ARC = YES;
				CLANG_ENABLE_OBJC_WEAK = YES;
				CLANG_WARN_BLOCK_CAPTURE_AUTORELEASING = YES;
				CLANG_WARN_BOOL_CONVERSION = YES;
				CLANG_WARN_COMMA = YES;
				CLANG_WARN_CONSTANT_CONVERSION = YES;
				CLANG_WARN_DEPRECATED_OBJC_IMPLEMENTATIONS = YES;
				CLANG_WARN_DIRECT_OBJC_ISA_USAGE = YES_ERROR;
				CLANG_WARN_DOCUMENTATION_COMMENTS = YES;
				CLANG_WARN_EMPTY_BODY = YES;
				CLANG_WARN_ENUM_CONVERSION = YES;
				CLANG_WARN_INFINITE_RECURSION = YES;
				CLANG_WARN_INT_CONVERSION = YES;
				CLANG_WARN_NON_LITERAL_NULL_CONVERSION = YES;
				CLANG_WARN_OBJC_IMPLICIT_RETAIN_SELF = YES;
				CLANG_WARN_OBJC_LITERAL_CONVERSION = YES;
				CLANG_WARN_OBJC_ROOT_CLASS = YES_ERROR;
				CLANG_WARN_QUOTED_INCLUDE_IN_FRAMEWORK_HEADER = YES;
				CLANG_WARN_RANGE_LOOP_ANALYSIS = YES;
				CLANG_WARN_STRICT_PROTOTYPES = YES;
				CLANG_WARN_SUSPICIOUS_MOVE = YES;
				CLANG_WARN_UNGUARDED_AVAILABILITY = YES_AGGRESSIVE;
				CLANG_WARN_UNREACHABLE_CODE = YES;
				CLANG_WARN__DUPLICATE_METHOD_MATCH = YES;
				COPY_PHASE_STRIP = NO;
				DEBUG_INFORMATION_FORMAT = dwarf;
				DEVELOPMENT_TEAM = 7K76YFF2Z8;
				ENABLE_STRICT_OBJC_MSGSEND = YES;
				ENABLE_TESTABILITY = YES;
				ENABLE_USER_SCRIPT_SANDBOXING = YES;
				GCC_C_LANGUAGE_STANDARD = gnu17;
				GCC_DYNAMIC_NO_PIC = NO;
				GCC_NO_COMMON_BLOCKS = YES;
				GCC_OPTIMIZATION_LEVEL = 0;
				GCC_PREPROCESSOR_DEFINITIONS = (
					"DEBUG=1",
					"$(inherited)",
				);
				GCC_WARN_64_TO_32_BIT_CONVERSION = YES;
				GCC_WARN_ABOUT_RETURN_TYPE = YES_ERROR;
				GCC_WARN_UNDECLARED_SELECTOR = YES;
				GCC_WARN_UNINITIALIZED_AUTOS = YES_AGGRESSIVE;
				GCC_WARN_UNUSED_FUNCTION = YES;
				GCC_WARN_UNUSED_VARIABLE = YES;
				IPHONEOS_DEPLOYMENT_TARGET = 26.0;
				LOCALIZATION_PREFERS_STRING_CATALOGS = YES;
				MTL_ENABLE_DEBUG_INFO = INCLUDE_SOURCE;
				MTL_FAST_MATH = YES;
				ONLY_ACTIVE_ARCH = YES;
				SDKROOT = iphoneos;
				SWIFT_ACTIVE_COMPILATION_CONDITIONS = "DEBUG $(inherited)";
				SWIFT_EMIT_LOC_STRINGS = YES;
				SWIFT_OPTIMIZATION_LEVEL = "-Onone";
			};
			name = Debug;
		};
		2E1720152E7C77C800CC3ED8 /* Release */ = {
			isa = XCBuildConfiguration;
			buildSettings = {
				ALWAYS_SEARCH_USER_PATHS = NO;
				ASSETCATALOG_COMPILER_GENERATE_SWIFT_ASSET_SYMBOL_EXTENSIONS = YES;
				CLANG_ANALYZER_NONNULL = YES;
				CLANG_ANALYZER_NUMBER_OBJECT_CONVERSION = YES_AGGRESSIVE;
				CLANG_CXX_LANGUAGE_STANDARD = "gnu++20";
				CLANG_ENABLE_MODULES = YES;
				CLANG_ENABLE_OBJC_ARC = YES;
				CLANG_ENABLE_OBJC_WEAK = YES;
				CLANG_WARN_BLOCK_CAPTURE_AUTORELEASING = YES;
				CLANG_WARN_BOOL_CONVERSION = YES;
				CLANG_WARN_COMMA = YES;
				CLANG_WARN_CONSTANT_CONVERSION = YES;
				CLANG_WARN_DEPRECATED_OBJC_IMPLEMENTATIONS = YES;
				CLANG_WARN_DIRECT_OBJC_ISA_USAGE = YES_ERROR;
				CLANG_WARN_DOCUMENTATION_COMMENTS = YES;
				CLANG_WARN_EMPTY_BODY = YES;
				CLANG_WARN_ENUM_CONVERSION = YES;
				CLANG_WARN_INFINITE_RECURSION = YES;
				CLANG_WARN_INT_CONVERSION = YES;
				CLANG_WARN_NON_LITERAL_NULL_CONVERSION = YES;
				CLANG_WARN_OBJC_IMPLICIT_RETAIN_SELF = YES;
				CLANG_WARN_OBJC_LITERAL_CONVERSION = YES;
				CLANG_WARN_OBJC_ROOT_CLASS = YES_ERROR;
				CLANG_WARN_QUOTED_INCLUDE_IN_FRAMEWORK_HEADER = YES;
				CLANG_WARN_RANGE_LOOP_ANALYSIS = YES;
				CLANG_WARN_STRICT_PROTOTYPES = YES;
				CLANG_WARN_SUSPICIOUS_MOVE = YES;
				CLANG_WARN_UNGUARDED_AVAILABILITY = YES_AGGRESSIVE;
				CLANG_WARN_UNREACHABLE_CODE = YES;
				CLANG_WARN__DUPLICATE_METHOD_MATCH = YES;
				COPY_PHASE_STRIP = NO;
				DEBUG_INFORMATION_FORMAT = "dwarf-with-dsym";
				DEVELOPMENT_TEAM = 7K76YFF2Z8;
				ENABLE_NS_ASSERTIONS = NO;
				ENABLE_STRICT_OBJC_MSGSEND = YES;
				ENABLE_USER_SCRIPT_SANDBOXING = YES;
				GCC_C_LANGUAGE_STANDARD = gnu17;
				GCC_NO_COMMON_BLOCKS = YES;
				GCC_WARN_64_TO_32_BIT_CONVERSION = YES;
				GCC_WARN_ABOUT_RETURN_TYPE = YES_ERROR;
				GCC_WARN_UNDECLARED_SELECTOR = YES;
				GCC_WARN_UNINITIALIZED_AUTOS = YES_AGGRESSIVE;
				GCC_WARN_UNUSED_FUNCTION = YES;
				GCC_WARN_UNUSED_VARIABLE = YES;
				IPHONEOS_DEPLOYMENT_TARGET = 26.0;
				LOCALIZATION_PREFERS_STRING_CATALOGS = YES;
				MTL_ENABLE_DEBUG_INFO = NO;
				MTL_FAST_MATH = YES;
				SDKROOT = iphoneos;
				SWIFT_COMPILATION_MODE = wholemodule;
				SWIFT_EMIT_LOC_STRINGS = YES;
				VALIDATE_PRODUCT = YES;
			};
			name = Release;
		};
		2E1720172E7C77C800CC3ED8 /* Debug */ = {
			isa = XCBuildConfiguration;
			buildSettings = {
				ASSETCATALOG_COMPILER_APPICON_NAME = AppIcon;
				ASSETCATALOG_COMPILER_GLOBAL_ACCENT_COLOR_NAME = AccentColor;
				CODE_SIGN_STYLE = Automatic;
				CURRENT_PROJECT_VERSION = 1;
				DEVELOPMENT_TEAM = 7K76YFF2Z8;
				ENABLE_PREVIEWS = YES;
				GENERATE_INFOPLIST_FILE = YES;
				INFOPLIST_KEY_CFBundleDisplayName = Quoteful;
				INFOPLIST_KEY_UIApplicationSceneManifest_Generation = YES;
				INFOPLIST_KEY_UIApplicationSupportsIndirectInputEvents = YES;
				INFOPLIST_KEY_UILaunchScreen_Generation = YES;
				INFOPLIST_KEY_UISupportedInterfaceOrientations = UIInterfaceOrientationPortrait;
				INFOPLIST_KEY_UISupportedInterfaceOrientations_iPad = "UIInterfaceOrientationLandscapeLeft UIInterfaceOrientationLandscapeRight UIInterfaceOrientationPortrait UIInterfaceOrientationPortraitUpsideDown";
				IPHONEOS_DEPLOYMENT_TARGET = 17.0;
				LD_RUNPATH_SEARCH_PATHS = (
					"$(inherited)",
					"@executable_path/Frameworks",
				);
				MARKETING_VERSION = 1.0;
				PRODUCT_BUNDLE_IDENTIFIER = com.arsnyan.Quoteful;
				PRODUCT_NAME = "$(TARGET_NAME)";
				STRING_CATALOG_GENERATE_SYMBOLS = YES;
				SUPPORTED_PLATFORMS = "iphoneos iphonesimulator";
				SUPPORTS_MACCATALYST = NO;
				SUPPORTS_MAC_DESIGNED_FOR_IPHONE_IPAD = NO;
				SUPPORTS_XR_DESIGNED_FOR_IPHONE_IPAD = NO;
				SWIFT_APPROACHABLE_CONCURRENCY = YES;
				SWIFT_DEFAULT_ACTOR_ISOLATION = MainActor;
				SWIFT_EMIT_LOC_STRINGS = YES;
				SWIFT_UPCOMING_FEATURE_MEMBER_IMPORT_VISIBILITY = YES;
				SWIFT_VERSION = 5.0;
				TARGETED_DEVICE_FAMILY = 1;
			};
			name = Debug;
		};
		2E1720182E7C77C800CC3ED8 /* Release */ = {
			isa = XCBuildConfiguration;
			buildSettings = {
				ASSETCATALOG_COMPILER_APPICON_NAME = AppIcon;
				ASSETCATALOG_COMPILER_GLOBAL_ACCENT_COLOR_NAME = AccentColor;
				CODE_SIGN_STYLE = Automatic;
				CURRENT_PROJECT_VERSION = 1;
				DEVELOPMENT_TEAM = 7K76YFF2Z8;
				ENABLE_PREVIEWS = YES;
				GENERATE_INFOPLIST_FILE = YES;
				INFOPLIST_KEY_CFBundleDisplayName = Quoteful;
				INFOPLIST_KEY_UIApplicationSceneManifest_Generation = YES;
				INFOPLIST_KEY_UIApplicationSupportsIndirectInputEvents = YES;
				INFOPLIST_KEY_UILaunchScreen_Generation = YES;
				INFOPLIST_KEY_UISupportedInterfaceOrientations = UIInterfaceOrientationPortrait;
				INFOPLIST_KEY_UISupportedInterfaceOrientations_iPad = "UIInterfaceOrientationLandscapeLeft UIInterfaceOrientationLandscapeRight UIInterfaceOrientationPortrait UIInterfaceOrientationPortraitUpsideDown";
				IPHONEOS_DEPLOYMENT_TARGET = 17.0;
				LD_RUNPATH_SEARCH_PATHS = (
					"$(inherited)",
					"@executable_path/Frameworks",
				);
				MARKETING_VERSION = 1.0;
				PRODUCT_BUNDLE_IDENTIFIER = com.arsnyan.Quoteful;
				PRODUCT_NAME = "$(TARGET_NAME)";
				STRING_CATALOG_GENERATE_SYMBOLS = YES;
				SUPPORTED_PLATFORMS = "iphoneos iphonesimulator";
				SUPPORTS_MACCATALYST = NO;
				SUPPORTS_MAC_DESIGNED_FOR_IPHONE_IPAD = NO;
				SUPPORTS_XR_DESIGNED_FOR_IPHONE_IPAD = NO;
				SWIFT_APPROACHABLE_CONCURRENCY = YES;
				SWIFT_DEFAULT_ACTOR_ISOLATION = MainActor;
				SWIFT_EMIT_LOC_STRINGS = YES;
				SWIFT_UPCOMING_FEATURE_MEMBER_IMPORT_VISIBILITY = YES;
				SWIFT_VERSION = 5.0;
				TARGETED_DEVICE_FAMILY = 1;
			};
			name = Release;
		};
		2E17201A2E7C77C800CC3ED8 /* Debug */ = {
			isa = XCBuildConfiguration;
			buildSettings = {
				BUNDLE_LOADER = "$(TEST_HOST)";
				CODE_SIGN_STYLE = Automatic;
				CURRENT_PROJECT_VERSION = 1;
				DEVELOPMENT_TEAM = 7K76YFF2Z8;
				GENERATE_INFOPLIST_FILE = YES;
				IPHONEOS_DEPLOYMENT_TARGET = 17.0;
				MARKETING_VERSION = 1.0;
				PRODUCT_BUNDLE_IDENTIFIER = com.arsnyan.QuotefulTests;
				PRODUCT_NAME = "$(TARGET_NAME)";
				STRING_CATALOG_GENERATE_SYMBOLS = NO;
				SUPPORTED_PLATFORMS = "iphoneos iphonesimulator";
				SUPPORTS_MACCATALYST = NO;
				SUPPORTS_MAC_DESIGNED_FOR_IPHONE_IPAD = NO;
				SUPPORTS_XR_DESIGNED_FOR_IPHONE_IPAD = NO;
				SWIFT_APPROACHABLE_CONCURRENCY = YES;
				SWIFT_EMIT_LOC_STRINGS = NO;
				SWIFT_UPCOMING_FEATURE_MEMBER_IMPORT_VISIBILITY = YES;
				SWIFT_VERSION = 5.0;
				TARGETED_DEVICE_FAMILY = "1,2";
				TEST_HOST = "$(BUILT_PRODUCTS_DIR)/Quoteful.app/$(BUNDLE_EXECUTABLE_FOLDER_PATH)/Quoteful";
			};
			name = Debug;
		};
		2E17201B2E7C77C800CC3ED8 /* Release */ = {
			isa = XCBuildConfiguration;
			buildSettings = {
				BUNDLE_LOADER = "$(TEST_HOST)";
				CODE_SIGN_STYLE = Automatic;
				CURRENT_PROJECT_VERSION = 1;
				DEVELOPMENT_TEAM = 7K76YFF2Z8;
				GENERATE_INFOPLIST_FILE = YES;
				IPHONEOS_DEPLOYMENT_TARGET = 17.0;
				MARKETING_VERSION = 1.0;
				PRODUCT_BUNDLE_IDENTIFIER = com.arsnyan.QuotefulTests;
				PRODUCT_NAME = "$(TARGET_NAME)";
				STRING_CATALOG_GENERATE_SYMBOLS = NO;
				SUPPORTED_PLATFORMS = "iphoneos iphonesimulator";
				SUPPORTS_MACCATALYST = NO;
				SUPPORTS_MAC_DESIGNED_FOR_IPHONE_IPAD = NO;
				SUPPORTS_XR_DESIGNED_FOR_IPHONE_IPAD = NO;
				SWIFT_APPROACHABLE_CONCURRENCY = YES;
				SWIFT_EMIT_LOC_STRINGS = NO;
				SWIFT_UPCOMING_FEATURE_MEMBER_IMPORT_VISIBILITY = YES;
				SWIFT_VERSION = 5.0;
				TARGETED_DEVICE_FAMILY = "1,2";
				TEST_HOST = "$(BUILT_PRODUCTS_DIR)/Quoteful.app/$(BUNDLE_EXECUTABLE_FOLDER_PATH)/Quoteful";
			};
			name = Release;
		};
		2E17201D2E7C77C800CC3ED8 /* Debug */ = {
			isa = XCBuildConfiguration;
			buildSettings = {
				CODE_SIGN_STYLE = Automatic;
				CURRENT_PROJECT_VERSION = 1;
				DEVELOPMENT_TEAM = 7K76YFF2Z8;
				GENERATE_INFOPLIST_FILE = YES;
				IPHONEOS_DEPLOYMENT_TARGET = 17.0;
				MARKETING_VERSION = 1.0;
				PRODUCT_BUNDLE_IDENTIFIER = com.arsnyan.QuotefulUITests;
				PRODUCT_NAME = "$(TARGET_NAME)";
				STRING_CATALOG_GENERATE_SYMBOLS = NO;
				SUPPORTED_PLATFORMS = "iphoneos iphonesimulator";
				SUPPORTS_MACCATALYST = NO;
				SUPPORTS_MAC_DESIGNED_FOR_IPHONE_IPAD = NO;
				SUPPORTS_XR_DESIGNED_FOR_IPHONE_IPAD = NO;
				SWIFT_APPROACHABLE_CONCURRENCY = YES;
				SWIFT_EMIT_LOC_STRINGS = NO;
				SWIFT_UPCOMING_FEATURE_MEMBER_IMPORT_VISIBILITY = YES;
				SWIFT_VERSION = 5.0;
				TARGETED_DEVICE_FAMILY = "1,2";
				TEST_TARGET_NAME = Quoteful;
			};
			name = Debug;
		};
		2E17201E2E7C77C800CC3ED8 /* Release */ = {
			isa = XCBuildConfiguration;
			buildSettings = {
				CODE_SIGN_STYLE = Automatic;
				CURRENT_PROJECT_VERSION = 1;
				DEVELOPMENT_TEAM = 7K76YFF2Z8;
				GENERATE_INFOPLIST_FILE = YES;
				IPHONEOS_DEPLOYMENT_TARGET = 17.0;
				MARKETING_VERSION = 1.0;
				PRODUCT_BUNDLE_IDENTIFIER = com.arsnyan.QuotefulUITests;
				PRODUCT_NAME = "$(TARGET_NAME)";
				STRING_CATALOG_GENERATE_SYMBOLS = NO;
				SUPPORTED_PLATFORMS = "iphoneos iphonesimulator";
				SUPPORTS_MACCATALYST = NO;
				SUPPORTS_MAC_DESIGNED_FOR_IPHONE_IPAD = NO;
				SUPPORTS_XR_DESIGNED_FOR_IPHONE_IPAD = NO;
				SWIFT_APPROACHABLE_CONCURRENCY = YES;
				SWIFT_EMIT_LOC_STRINGS = NO;
				SWIFT_UPCOMING_FEATURE_MEMBER_IMPORT_VISIBILITY = YES;
				SWIFT_VERSION = 5.0;
				TARGETED_DEVICE_FAMILY = "1,2";
				TEST_TARGET_NAME = Quoteful;
			};
			name = Release;
		};
/* End XCBuildConfiguration section */

/* Begin XCConfigurationList section */
		2E171FF02E7C77C600CC3ED8 /* Build configuration list for PBXProject "Quoteful" */ = {
			isa = XCConfigurationList;
			buildConfigurations = (
				2E1720142E7C77C800CC3ED8 /* Debug */,
				2E1720152E7C77C800CC3ED8 /* Release */,
			);
			defaultConfigurationIsVisible = 0;
			defaultConfigurationName = Release;
		};
		2E1720162E7C77C800CC3ED8 /* Build configuration list for PBXNativeTarget "Quoteful" */ = {
			isa = XCConfigurationList;
			buildConfigurations = (
				2E1720172E7C77C800CC3ED8 /* Debug */,
				2E1720182E7C77C800CC3ED8 /* Release */,
			);
			defaultConfigurationIsVisible = 0;
			defaultConfigurationName = Release;
		};
		2E1720192E7C77C800CC3ED8 /* Build configuration list for PBXNativeTarget "QuotefulTests" */ = {
			isa = XCConfigurationList;
			buildConfigurations = (
				2E17201A2E7C77C800CC3ED8 /* Debug */,
				2E17201B2E7C77C800CC3ED8 /* Release */,
			);
			defaultConfigurationIsVisible = 0;
			defaultConfigurationName = Release;
		};
		2E17201C2E7C77C800CC3ED8 /* Build configuration list for PBXNativeTarget "QuotefulUITests" */ = {
			isa = XCConfigurationList;
			buildConfigurations = (
				2E17201D2E7C77C800CC3ED8 /* Debug */,
				2E17201E2E7C77C800CC3ED8 /* Release */,
			);
			defaultConfigurationIsVisible = 0;
			defaultConfigurationName = Release;
		};
/* End XCConfigurationList section */

/* Begin XCRemoteSwiftPackageReference section */
		2E775BB22E7EE14900740D9E /* XCRemoteSwiftPackageReference "sqlite-data" */ = {
			isa = XCRemoteSwiftPackageReference;
			repositoryURL = "https://github.com/pointfreeco/sqlite-data.git";
			requirement = {
				kind = upToNextMinorVersion;
				minimumVersion = 1.0.0;
			};
		};
/* End XCRemoteSwiftPackageReference section */

/* Begin XCSwiftPackageProductDependency section */
		2E775BB32E7EE14900740D9E /* SQLiteData */ = {
			isa = XCSwiftPackageProductDependency;
			package = 2E775BB22E7EE14900740D9E /* XCRemoteSwiftPackageReference "sqlite-data" */;
			productName = SQLiteData;
		};
		2E775BB52E7EE14900740D9E /* SQLiteDataTestSupport */ = {
			isa = XCSwiftPackageProductDependency;
			package = 2E775BB22E7EE14900740D9E /* XCRemoteSwiftPackageReference "sqlite-data" */;
			productName = SQLiteDataTestSupport;
		};
/* End XCSwiftPackageProductDependency section */
	};
	rootObject = 2E171FED2E7C77C600CC3ED8 /* Project object */;
}
