{
  "originHash" : "db3aaef7c8803b6bb885c024771677c4d53b744b2f76faecd2878eff1d6b95fc",
  "pins" : [
    {
      "identity" : "factory",
      "kind" : "remoteSourceControl",
      "location" : "https://github.com/hmlongco/Factory.git",
      "state" : {
        "revision" : "ccc898f21992ebc130bc04cc197460a5ae230bcf",
        "version" : "2.5.3"
      }
    },
    {
      "identity" : "grdb.swift",
      "kind" : "remoteSourceControl",
      "location" : "https://github.com/groue/GRDB.swift.git",
      "state" : {
        "branch" : "master",
        "revision" : "d90ba851feecf044b0e2753d46467cf6b5be0922"
      }
    }
  ],
  "version" : 3
}
